
Microsoft Visual Studio Solution File, Format Version 12.00
# Visual Studio Version 17
VisualStudioVersion = 17.2.32505.173
MinimumVisualStudioVersion = 10.0.40219.1
Project("{FAE04EC0-301F-11D3-BF4B-00C04F79EFBC}") = "SpeedyAir", "SpeedyAir\SpeedyAir.csproj", "{D471C0BC-A716-42A2-9922-02E3F333880B}"
EndProject
Global
	GlobalSection(SolutionConfigurationPlatforms) = preSolution
		Debug|Any CPU = Debug|Any CPU
		Release|Any CPU = Release|Any CPU
	EndGlobalSection
	GlobalSection(ProjectConfigurationPlatforms) = postSolution
		{D471C0BC-A716-42A2-9922-02E3F333880B}.Debug|Any CPU.ActiveCfg = Debug|Any CPU
		{D471C0BC-A716-42A2-9922-02E3F333880B}.Debug|Any CPU.Build.0 = Debug|Any CPU
		{D471C0BC-A716-42A2-9922-02E3F333880B}.Release|Any CPU.ActiveCfg = Release|Any CPU
		{D471C0BC-A716-42A2-9922-02E3F333880B}.Release|Any CPU.Build.0 = Release|Any CPU
	EndGlobalSection
	GlobalSection(SolutionProperties) = preSolution
		HideSolutionNode = FALSE
	EndGlobalSection
	GlobalSection(ExtensibilityGlobals) = postSolution
		SolutionGuid = {9138D9BA-9875-42CF-B3B8-D00E25AE2867}
	EndGlobalSection
EndGlobal
